
Microsoft Visual Studio Solution File, Format Version 12.00
# Visual Studio 15
VisualStudioVersion = 15.0.28307.489
MinimumVisualStudioVersion = 10.0.40219.1
Project("{FAE04EC0-301F-11D3-BF4B-00C04F79EFBC}") = "BrainPowerApp.Android", "BrainPowerApp\BrainPowerApp.Android\BrainPowerApp.Android.csproj", "{94F4BE01-A35C-48D5-BCC3-02942EA91901}"
EndProject
Project("{FAE04EC0-301F-11D3-BF4B-00C04F79EFBC}") = "BrainPowerApp.iOS", "BrainPowerApp\BrainPowerApp.iOS\BrainPowerApp.iOS.csproj", "{C0A6E802-CB41-40EC-84EE-A5EE5E302974}"
EndProject
Project("{FAE04EC0-301F-11D3-BF4B-00C04F79EFBC}") = "BrainPowerApp", "BrainPowerApp\BrainPowerApp\BrainPowerApp.csproj", "{3AC262AF-FCFC-4A4E-9CEF-85A43D09920E}"
EndProject
Global
	GlobalSection(SolutionConfigurationPlatforms) = preSolution
		Ad-Hoc|Any CPU = Ad-Hoc|Any CPU
		Ad-Hoc|iPhone = Ad-Hoc|iPhone
		Ad-Hoc|iPhoneSimulator = Ad-Hoc|iPhoneSimulator
		AppStore|Any CPU = AppStore|Any CPU
		AppStore|iPhone = AppStore|iPhone
		AppStore|iPhoneSimulator = AppStore|iPhoneSimulator
		Debug|Any CPU = Debug|Any CPU
		Debug|iPhone = Debug|iPhone
		Debug|iPhoneSimulator = Debug|iPhoneSimulator
		Release|Any CPU = Release|Any CPU
		Release|iPhone = Release|iPhone
		Release|iPhoneSimulator = Release|iPhoneSimulator
	EndGlobalSection
	GlobalSection(ProjectConfigurationPlatforms) = postSolution
		{94F4BE01-A35C-48D5-BCC3-02942EA91901}.Ad-Hoc|Any CPU.ActiveCfg = Release|Any CPU
		{94F4BE01-A35C-48D5-BCC3-02942EA91901}.Ad-Hoc|Any CPU.Build.0 = Release|Any CPU
		{94F4BE01-A35C-48D5-BCC3-02942EA91901}.Ad-Hoc|Any CPU.Deploy.0 = Release|Any CPU
		{94F4BE01-A35C-48D5-BCC3-02942EA91901}.Ad-Hoc|iPhone.ActiveCfg = Release|Any CPU
		{94F4BE01-A35C-48D5-BCC3-02942EA91901}.Ad-Hoc|iPhone.Build.0 = Release|Any CPU
		{94F4BE01-A35C-48D5-BCC3-02942EA91901}.Ad-Hoc|iPhone.Deploy.0 = Release|Any CPU
		{94F4BE01-A35C-48D5-BCC3-02942EA91901}.Ad-Hoc|iPhoneSimulator.ActiveCfg = Release|Any CPU
		{94F4BE01-A35C-48D5-BCC3-02942EA91901}.Ad-Hoc|iPhoneSimulator.Build.0 = Release|Any CPU
		{94F4BE01-A35C-48D5-BCC3-02942EA91901}.Ad-Hoc|iPhoneSimulator.Deploy.0 = Release|Any CPU
		{94F4BE01-A35C-48D5-BCC3-02942EA91901}.AppStore|Any CPU.ActiveCfg = Release|Any CPU
		{94F4BE01-A35C-48D5-BCC3-02942EA91901}.AppStore|Any CPU.Build.0 = Release|Any CPU
		{94F4BE01-A35C-48D5-BCC3-02942EA91901}.AppStore|Any CPU.Deploy.0 = Release|Any CPU
		{94F4BE01-A35C-48D5-BCC3-02942EA91901}.AppStore|iPhone.ActiveCfg = Release|Any CPU
		{94F4BE01-A35C-48D5-BCC3-02942EA91901}.AppStore|iPhone.Build.0 = Release|Any CPU
		{94F4BE01-A35C-48D5-BCC3-02942EA91901}.AppStore|iPhone.Deploy.0 = Release|Any CPU
		{94F4BE01-A35C-48D5-BCC3-02942EA91901}.AppStore|iPhoneSimulator.ActiveCfg = Release|Any CPU
		{94F4BE01-A35C-48D5-BCC3-02942EA91901}.AppStore|iPhoneSimulator.Build.0 = Release|Any CPU
		{94F4BE01-A35C-48D5-BCC3-02942EA91901}.AppStore|iPhoneSimulator.Deploy.0 = Release|Any CPU
		{94F4BE01-A35C-48D5-BCC3-02942EA91901}.Debug|Any CPU.ActiveCfg = Debug|Any CPU
		{94F4BE01-A35C-48D5-BCC3-02942EA91901}.Debug|Any CPU.Build.0 = Debug|Any CPU
		{94F4BE01-A35C-48D5-BCC3-02942EA91901}.Debug|Any CPU.Deploy.0 = Debug|Any CPU
		{94F4BE01-A35C-48D5-BCC3-02942EA91901}.Debug|iPhone.ActiveCfg = Debug|Any CPU
		{94F4BE01-A35C-48D5-BCC3-02942EA91901}.Debug|iPhone.Build.0 = Debug|Any CPU
		{94F4BE01-A35C-48D5-BCC3-02942EA91901}.Debug|iPhone.Deploy.0 = Debug|Any CPU
		{94F4BE01-A35C-48D5-BCC3-02942EA91901}.Debug|iPhoneSimulator.ActiveCfg = Debug|Any CPU
		{94F4BE01-A35C-48D5-BCC3-02942EA91901}.Debug|iPhoneSimulator.Build.0 = Debug|Any CPU
		{94F4BE01-A35C-48D5-BCC3-02942EA91901}.Debug|iPhoneSimulator.Deploy.0 = Debug|Any CPU
		{94F4BE01-A35C-48D5-BCC3-02942EA91901}.Release|Any CPU.ActiveCfg = Release|Any CPU
		{94F4BE01-A35C-48D5-BCC3-02942EA91901}.Release|Any CPU.Build.0 = Release|Any CPU
		{94F4BE01-A35C-48D5-BCC3-02942EA91901}.Release|Any CPU.Deploy.0 = Release|Any CPU
		{94F4BE01-A35C-48D5-BCC3-02942EA91901}.Release|iPhone.ActiveCfg = Release|Any CPU
		{94F4BE01-A35C-48D5-BCC3-02942EA91901}.Release|iPhone.Build.0 = Release|Any CPU
		{94F4BE01-A35C-48D5-BCC3-02942EA91901}.Release|iPhone.Deploy.0 = Release|Any CPU
		{94F4BE01-A35C-48D5-BCC3-02942EA91901}.Release|iPhoneSimulator.ActiveCfg = Release|Any CPU
		{94F4BE01-A35C-48D5-BCC3-02942EA91901}.Release|iPhoneSimulator.Build.0 = Release|Any CPU
		{94F4BE01-A35C-48D5-BCC3-02942EA91901}.Release|iPhoneSimulator.Deploy.0 = Release|Any CPU
		{C0A6E802-CB41-40EC-84EE-A5EE5E302974}.Ad-Hoc|Any CPU.ActiveCfg = Ad-Hoc|iPhone
		{C0A6E802-CB41-40EC-84EE-A5EE5E302974}.Ad-Hoc|Any CPU.Build.0 = Ad-Hoc|iPhone
		{C0A6E802-CB41-40EC-84EE-A5EE5E302974}.Ad-Hoc|Any CPU.Deploy.0 = Ad-Hoc|iPhone
		{C0A6E802-CB41-40EC-84EE-A5EE5E302974}.Ad-Hoc|iPhone.ActiveCfg = Ad-Hoc|iPhone
		{C0A6E802-CB41-40EC-84EE-A5EE5E302974}.Ad-Hoc|iPhone.Build.0 = Ad-Hoc|iPhone
		{C0A6E802-CB41-40EC-84EE-A5EE5E302974}.Ad-Hoc|iPhone.Deploy.0 = Ad-Hoc|iPhone
		{C0A6E802-CB41-40EC-84EE-A5EE5E302974}.Ad-Hoc|iPhoneSimulator.ActiveCfg = Ad-Hoc|iPhoneSimulator
		{C0A6E802-CB41-40EC-84EE-A5EE5E302974}.Ad-Hoc|iPhoneSimulator.Build.0 = Ad-Hoc|iPhoneSimulator
		{C0A6E802-CB41-40EC-84EE-A5EE5E302974}.Ad-Hoc|iPhoneSimulator.Deploy.0 = Ad-Hoc|iPhoneSimulator
		{C0A6E802-CB41-40EC-84EE-A5EE5E302974}.AppStore|Any CPU.ActiveCfg = AppStore|iPhone
		{C0A6E802-CB41-40EC-84EE-A5EE5E302974}.AppStore|Any CPU.Build.0 = AppStore|iPhone
		{C0A6E802-CB41-40EC-84EE-A5EE5E302974}.AppStore|Any CPU.Deploy.0 = AppStore|iPhone
		{C0A6E802-CB41-40EC-84EE-A5EE5E302974}.AppStore|iPhone.ActiveCfg = AppStore|iPhone
		{C0A6E802-CB41-40EC-84EE-A5EE5E302974}.AppStore|iPhone.Build.0 = AppStore|iPhone
		{C0A6E802-CB41-40EC-84EE-A5EE5E302974}.AppStore|iPhone.Deploy.0 = AppStore|iPhone
		{C0A6E802-CB41-40EC-84EE-A5EE5E302974}.AppStore|iPhoneSimulator.ActiveCfg = AppStore|iPhoneSimulator
		{C0A6E802-CB41-40EC-84EE-A5EE5E302974}.AppStore|iPhoneSimulator.Build.0 = AppStore|iPhoneSimulator
		{C0A6E802-CB41-40EC-84EE-A5EE5E302974}.AppStore|iPhoneSimulator.Deploy.0 = AppStore|iPhoneSimulator
		{C0A6E802-CB41-40EC-84EE-A5EE5E302974}.Debug|Any CPU.ActiveCfg = Debug|iPhoneSimulator
		{C0A6E802-CB41-40EC-84EE-A5EE5E302974}.Debug|Any CPU.Build.0 = Debug|iPhoneSimulator
		{C0A6E802-CB41-40EC-84EE-A5EE5E302974}.Debug|Any CPU.Deploy.0 = Debug|iPhoneSimulator
		{C0A6E802-CB41-40EC-84EE-A5EE5E302974}.Debug|iPhone.ActiveCfg = Debug|iPhone
		{C0A6E802-CB41-40EC-84EE-A5EE5E302974}.Debug|iPhone.Build.0 = Debug|iPhone
		{C0A6E802-CB41-40EC-84EE-A5EE5E302974}.Debug|iPhone.Deploy.0 = Debug|iPhone
		{C0A6E802-CB41-40EC-84EE-A5EE5E302974}.Debug|iPhoneSimulator.ActiveCfg = Debug|iPhoneSimulator
		{C0A6E802-CB41-40EC-84EE-A5EE5E302974}.Debug|iPhoneSimulator.Build.0 = Debug|iPhoneSimulator
		{C0A6E802-CB41-40EC-84EE-A5EE5E302974}.Debug|iPhoneSimulator.Deploy.0 = Debug|iPhoneSimulator
		{C0A6E802-CB41-40EC-84EE-A5EE5E302974}.Release|Any CPU.ActiveCfg = Release|iPhone
		{C0A6E802-CB41-40EC-84EE-A5EE5E302974}.Release|Any CPU.Build.0 = Release|iPhone
		{C0A6E802-CB41-40EC-84EE-A5EE5E302974}.Release|Any CPU.Deploy.0 = Release|iPhone
		{C0A6E802-CB41-40EC-84EE-A5EE5E302974}.Release|iPhone.ActiveCfg = Release|iPhone
		{C0A6E802-CB41-40EC-84EE-A5EE5E302974}.Release|iPhone.Build.0 = Release|iPhone
		{C0A6E802-CB41-40EC-84EE-A5EE5E302974}.Release|iPhone.Deploy.0 = Release|iPhone
		{C0A6E802-CB41-40EC-84EE-A5EE5E302974}.Release|iPhoneSimulator.ActiveCfg = Release|iPhoneSimulator
		{C0A6E802-CB41-40EC-84EE-A5EE5E302974}.Release|iPhoneSimulator.Build.0 = Release|iPhoneSimulator
		{C0A6E802-CB41-40EC-84EE-A5EE5E302974}.Release|iPhoneSimulator.Deploy.0 = Release|iPhoneSimulator
		{3AC262AF-FCFC-4A4E-9CEF-85A43D09920E}.Ad-Hoc|Any CPU.ActiveCfg = Debug|Any CPU
		{3AC262AF-FCFC-4A4E-9CEF-85A43D09920E}.Ad-Hoc|Any CPU.Build.0 = Debug|Any CPU
		{3AC262AF-FCFC-4A4E-9CEF-85A43D09920E}.Ad-Hoc|Any CPU.Deploy.0 = Debug|Any CPU
		{3AC262AF-FCFC-4A4E-9CEF-85A43D09920E}.Ad-Hoc|iPhone.ActiveCfg = Debug|Any CPU
		{3AC262AF-FCFC-4A4E-9CEF-85A43D09920E}.Ad-Hoc|iPhone.Build.0 = Debug|Any CPU
		{3AC262AF-FCFC-4A4E-9CEF-85A43D09920E}.Ad-Hoc|iPhone.Deploy.0 = Debug|Any CPU
		{3AC262AF-FCFC-4A4E-9CEF-85A43D09920E}.Ad-Hoc|iPhoneSimulator.ActiveCfg = Debug|Any CPU
		{3AC262AF-FCFC-4A4E-9CEF-85A43D09920E}.Ad-Hoc|iPhoneSimulator.Build.0 = Debug|Any CPU
		{3AC262AF-FCFC-4A4E-9CEF-85A43D09920E}.Ad-Hoc|iPhoneSimulator.Deploy.0 = Debug|Any CPU
		{3AC262AF-FCFC-4A4E-9CEF-85A43D09920E}.AppStore|Any CPU.ActiveCfg = Debug|Any CPU
		{3AC262AF-FCFC-4A4E-9CEF-85A43D09920E}.AppStore|Any CPU.Build.0 = Debug|Any CPU
		{3AC262AF-FCFC-4A4E-9CEF-85A43D09920E}.AppStore|Any CPU.Deploy.0 = Debug|Any CPU
		{3AC262AF-FCFC-4A4E-9CEF-85A43D09920E}.AppStore|iPhone.ActiveCfg = Debug|Any CPU
		{3AC262AF-FCFC-4A4E-9CEF-85A43D09920E}.AppStore|iPhone.Build.0 = Debug|Any CPU
		{3AC262AF-FCFC-4A4E-9CEF-85A43D09920E}.AppStore|iPhone.Deploy.0 = Debug|Any CPU
		{3AC262AF-FCFC-4A4E-9CEF-85A43D09920E}.AppStore|iPhoneSimulator.ActiveCfg = Debug|Any CPU
		{3AC262AF-FCFC-4A4E-9CEF-85A43D09920E}.AppStore|iPhoneSimulator.Build.0 = Debug|Any CPU
		{3AC262AF-FCFC-4A4E-9CEF-85A43D09920E}.AppStore|iPhoneSimulator.Deploy.0 = Debug|Any CPU
		{3AC262AF-FCFC-4A4E-9CEF-85A43D09920E}.Debug|Any CPU.ActiveCfg = Debug|Any CPU
		{3AC262AF-FCFC-4A4E-9CEF-85A43D09920E}.Debug|Any CPU.Build.0 = Debug|Any CPU
		{3AC262AF-FCFC-4A4E-9CEF-85A43D09920E}.Debug|Any CPU.Deploy.0 = Debug|Any CPU
		{3AC262AF-FCFC-4A4E-9CEF-85A43D09920E}.Debug|iPhone.ActiveCfg = Debug|Any CPU
		{3AC262AF-FCFC-4A4E-9CEF-85A43D09920E}.Debug|iPhone.Build.0 = Debug|Any CPU
		{3AC262AF-FCFC-4A4E-9CEF-85A43D09920E}.Debug|iPhone.Deploy.0 = Debug|Any CPU
		{3AC262AF-FCFC-4A4E-9CEF-85A43D09920E}.Debug|iPhoneSimulator.ActiveCfg = Debug|Any CPU
		{3AC262AF-FCFC-4A4E-9CEF-85A43D09920E}.Debug|iPhoneSimulator.Build.0 = Debug|Any CPU
		{3AC262AF-FCFC-4A4E-9CEF-85A43D09920E}.Debug|iPhoneSimulator.Deploy.0 = Debug|Any CPU
		{3AC262AF-FCFC-4A4E-9CEF-85A43D09920E}.Release|Any CPU.ActiveCfg = Release|Any CPU
		{3AC262AF-FCFC-4A4E-9CEF-85A43D09920E}.Release|Any CPU.Build.0 = Release|Any CPU
		{3AC262AF-FCFC-4A4E-9CEF-85A43D09920E}.Release|Any CPU.Deploy.0 = Release|Any CPU
		{3AC262AF-FCFC-4A4E-9CEF-85A43D09920E}.Release|iPhone.ActiveCfg = Release|Any CPU
		{3AC262AF-FCFC-4A4E-9CEF-85A43D09920E}.Release|iPhone.Build.0 = Release|Any CPU
		{3AC262AF-FCFC-4A4E-9CEF-85A43D09920E}.Release|iPhone.Deploy.0 = Release|Any CPU
		{3AC262AF-FCFC-4A4E-9CEF-85A43D09920E}.Release|iPhoneSimulator.ActiveCfg = Release|Any CPU
		{3AC262AF-FCFC-4A4E-9CEF-85A43D09920E}.Release|iPhoneSimulator.Build.0 = Release|Any CPU
		{3AC262AF-FCFC-4A4E-9CEF-85A43D09920E}.Release|iPhoneSimulator.Deploy.0 = Release|Any CPU
	EndGlobalSection
	GlobalSection(SolutionProperties) = preSolution
		HideSolutionNode = FALSE
	EndGlobalSection
	GlobalSection(ExtensibilityGlobals) = postSolution
		SolutionGuid = {4D556007-7FED-47AD-B16C-6A8A277F7B92}
	EndGlobalSection
EndGlobal
